
Microsoft Visual Studio Solution File, Format Version 12.00
# Visual Studio Version 16
VisualStudioVersion = 25.0.1700.6
MinimumVisualStudioVersion = 10.0.40219.1
Project("{FAE04EC0-301F-11D3-BF4B-00C04F79EFBC}") = "DSAlgorithmUsingCSharp", "DSAlgorithmUsingCSharp.csproj", "{C05D8ADA-E0F8-404A-8643-08E8B7A052E4}"
EndProject
Global
	GlobalSection(SolutionConfigurationPlatforms) = preSolution
		Debug|Any CPU = Debug|Any CPU
		Release|Any CPU = Release|Any CPU
	EndGlobalSection
	GlobalSection(ProjectConfigurationPlatforms) = postSolution
		{C05D8ADA-E0F8-404A-8643-08E8B7A052E4}.Debug|Any CPU.ActiveCfg = Debug|Any CPU
		{C05D8ADA-E0F8-404A-8643-08E8B7A052E4}.Debug|Any CPU.Build.0 = Debug|Any CPU
		{C05D8ADA-E0F8-404A-8643-08E8B7A052E4}.Release|Any CPU.ActiveCfg = Release|Any CPU
		{C05D8ADA-E0F8-404A-8643-08E8B7A052E4}.Release|Any CPU.Build.0 = Release|Any CPU
	EndGlobalSection
	GlobalSection(SolutionProperties) = preSolution
		HideSolutionNode = FALSE
	EndGlobalSection
	GlobalSection(ExtensibilityGlobals) = postSolution
		SolutionGuid = {88BD445F-D482-46E7-AE08-060981658ECD}
	EndGlobalSection
EndGlobal
